
Microsoft Visual Studio Solution File, Format Version 12.00
# Visual Studio Version 17
VisualStudioVersion = 17.4.33122.133
MinimumVisualStudioVersion = 10.0.40219.1
Project("{FAE04EC0-301F-11D3-BF4B-00C04F79EFBC}") = "WucizeCase", "WucizeCase\WucizeCase.csproj", "{454604D1-CB16-4CA9-A0B8-50B2D0250263}"
EndProject
Project("{FAE04EC0-301F-11D3-BF4B-00C04F79EFBC}") = "EntityLayer", "EntityLayer\EntityLayer.csproj", "{ED507801-1B52-4575-B55E-C0F1EA80FB01}"
EndProject
Project("{FAE04EC0-301F-11D3-BF4B-00C04F79EFBC}") = "DataAccessLayer", "DataAccessLayer\DataAccessLayer.csproj", "{A8FFF74C-7C80-4502-8A41-7B6FCD483B59}"
EndProject
Project("{FAE04EC0-301F-11D3-BF4B-00C04F79EFBC}") = "BusinessLayer", "BusinessLayer\BusinessLayer.csproj", "{474628B4-4B7C-472A-BDB3-0C427BF970DF}"
EndProject
Project("{FAE04EC0-301F-11D3-BF4B-00C04F79EFBC}") = "CoreLayer", "CoreLayer\CoreLayer.csproj", "{66DADE05-693C-4ABE-B019-4815918EFAE7}"
EndProject
Global
	GlobalSection(SolutionConfigurationPlatforms) = preSolution
		Debug|Any CPU = Debug|Any CPU
		Release|Any CPU = Release|Any CPU
	EndGlobalSection
	GlobalSection(ProjectConfigurationPlatforms) = postSolution
		{454604D1-CB16-4CA9-A0B8-50B2D0250263}.Debug|Any CPU.ActiveCfg = Debug|Any CPU
		{454604D1-CB16-4CA9-A0B8-50B2D0250263}.Debug|Any CPU.Build.0 = Debug|Any CPU
		{454604D1-CB16-4CA9-A0B8-50B2D0250263}.Release|Any CPU.ActiveCfg = Release|Any CPU
		{454604D1-CB16-4CA9-A0B8-50B2D0250263}.Release|Any CPU.Build.0 = Release|Any CPU
		{ED507801-1B52-4575-B55E-C0F1EA80FB01}.Debug|Any CPU.ActiveCfg = Debug|Any CPU
		{ED507801-1B52-4575-B55E-C0F1EA80FB01}.Debug|Any CPU.Build.0 = Debug|Any CPU
		{ED507801-1B52-4575-B55E-C0F1EA80FB01}.Release|Any CPU.ActiveCfg = Release|Any CPU
		{ED507801-1B52-4575-B55E-C0F1EA80FB01}.Release|Any CPU.Build.0 = Release|Any CPU
		{A8FFF74C-7C80-4502-8A41-7B6FCD483B59}.Debug|Any CPU.ActiveCfg = Debug|Any CPU
		{A8FFF74C-7C80-4502-8A41-7B6FCD483B59}.Debug|Any CPU.Build.0 = Debug|Any CPU
		{A8FFF74C-7C80-4502-8A41-7B6FCD483B59}.Release|Any CPU.ActiveCfg = Release|Any CPU
		{A8FFF74C-7C80-4502-8A41-7B6FCD483B59}.Release|Any CPU.Build.0 = Release|Any CPU
		{474628B4-4B7C-472A-BDB3-0C427BF970DF}.Debug|Any CPU.ActiveCfg = Debug|Any CPU
		{474628B4-4B7C-472A-BDB3-0C427BF970DF}.Debug|Any CPU.Build.0 = Debug|Any CPU
		{474628B4-4B7C-472A-BDB3-0C427BF970DF}.Release|Any CPU.ActiveCfg = Release|Any CPU
		{474628B4-4B7C-472A-BDB3-0C427BF970DF}.Release|Any CPU.Build.0 = Release|Any CPU
		{66DADE05-693C-4ABE-B019-4815918EFAE7}.Debug|Any CPU.ActiveCfg = Debug|Any CPU
		{66DADE05-693C-4ABE-B019-4815918EFAE7}.Debug|Any CPU.Build.0 = Debug|Any CPU
		{66DADE05-693C-4ABE-B019-4815918EFAE7}.Release|Any CPU.ActiveCfg = Release|Any CPU
		{66DADE05-693C-4ABE-B019-4815918EFAE7}.Release|Any CPU.Build.0 = Release|Any CPU
	EndGlobalSection
	GlobalSection(SolutionProperties) = preSolution
		HideSolutionNode = FALSE
	EndGlobalSection
	GlobalSection(ExtensibilityGlobals) = postSolution
		SolutionGuid = {CE91BB65-8CD0-4680-A048-9646B14D1CF3}
	EndGlobalSection
EndGlobal
